
Microsoft Visual Studio Solution File, Format Version 12.00
# Visual Studio 15
VisualStudioVersion = 15.0.26124.0
MinimumVisualStudioVersion = 15.0.26124.0
Project("{FAE04EC0-301F-11D3-BF4B-00C04F79EFBC}") = "eaton.agir.domain", "eaton.agir.domain\eaton.agir.domain.csproj", "{776EE880-8496-470D-8314-84F3CB573336}"
EndProject
Project("{FAE04EC0-301F-11D3-BF4B-00C04F79EFBC}") = "eaton.agir.repository", "eaton.agir.repository\eaton.agir.repository.csproj", "{7C3CC143-FA66-4FBB-8C69-E36FC9CFADEF}"
EndProject
Project("{FAE04EC0-301F-11D3-BF4B-00C04F79EFBC}") = "eaton.agir.webApi", "eaton.agir.webApi\eaton.agir.webApi.csproj", "{D6F276A8-BEE4-4281-B661-84185F0954C4}"
EndProject
Global
	GlobalSection(SolutionConfigurationPlatforms) = preSolution
		Debug|Any CPU = Debug|Any CPU
		Debug|x64 = Debug|x64
		Debug|x86 = Debug|x86
		Release|Any CPU = Release|Any CPU
		Release|x64 = Release|x64
		Release|x86 = Release|x86
	EndGlobalSection
	GlobalSection(SolutionProperties) = preSolution
		HideSolutionNode = FALSE
	EndGlobalSection
	GlobalSection(ProjectConfigurationPlatforms) = postSolution
		{776EE880-8496-470D-8314-84F3CB573336}.Debug|Any CPU.ActiveCfg = Debug|Any CPU
		{776EE880-8496-470D-8314-84F3CB573336}.Debug|Any CPU.Build.0 = Debug|Any CPU
		{776EE880-8496-470D-8314-84F3CB573336}.Debug|x64.ActiveCfg = Debug|x64
		{776EE880-8496-470D-8314-84F3CB573336}.Debug|x64.Build.0 = Debug|x64
		{776EE880-8496-470D-8314-84F3CB573336}.Debug|x86.ActiveCfg = Debug|x86
		{776EE880-8496-470D-8314-84F3CB573336}.Debug|x86.Build.0 = Debug|x86
		{776EE880-8496-470D-8314-84F3CB573336}.Release|Any CPU.ActiveCfg = Release|Any CPU
		{776EE880-8496-470D-8314-84F3CB573336}.Release|Any CPU.Build.0 = Release|Any CPU
		{776EE880-8496-470D-8314-84F3CB573336}.Release|x64.ActiveCfg = Release|x64
		{776EE880-8496-470D-8314-84F3CB573336}.Release|x64.Build.0 = Release|x64
		{776EE880-8496-470D-8314-84F3CB573336}.Release|x86.ActiveCfg = Release|x86
		{776EE880-8496-470D-8314-84F3CB573336}.Release|x86.Build.0 = Release|x86
		{7C3CC143-FA66-4FBB-8C69-E36FC9CFADEF}.Debug|Any CPU.ActiveCfg = Debug|Any CPU
		{7C3CC143-FA66-4FBB-8C69-E36FC9CFADEF}.Debug|Any CPU.Build.0 = Debug|Any CPU
		{7C3CC143-FA66-4FBB-8C69-E36FC9CFADEF}.Debug|x64.ActiveCfg = Debug|x64
		{7C3CC143-FA66-4FBB-8C69-E36FC9CFADEF}.Debug|x64.Build.0 = Debug|x64
		{7C3CC143-FA66-4FBB-8C69-E36FC9CFADEF}.Debug|x86.ActiveCfg = Debug|x86
		{7C3CC143-FA66-4FBB-8C69-E36FC9CFADEF}.Debug|x86.Build.0 = Debug|x86
		{7C3CC143-FA66-4FBB-8C69-E36FC9CFADEF}.Release|Any CPU.ActiveCfg = Release|Any CPU
		{7C3CC143-FA66-4FBB-8C69-E36FC9CFADEF}.Release|Any CPU.Build.0 = Release|Any CPU
		{7C3CC143-FA66-4FBB-8C69-E36FC9CFADEF}.Release|x64.ActiveCfg = Release|x64
		{7C3CC143-FA66-4FBB-8C69-E36FC9CFADEF}.Release|x64.Build.0 = Release|x64
		{7C3CC143-FA66-4FBB-8C69-E36FC9CFADEF}.Release|x86.ActiveCfg = Release|x86
		{7C3CC143-FA66-4FBB-8C69-E36FC9CFADEF}.Release|x86.Build.0 = Release|x86
		{D6F276A8-BEE4-4281-B661-84185F0954C4}.Debug|Any CPU.ActiveCfg = Debug|Any CPU
		{D6F276A8-BEE4-4281-B661-84185F0954C4}.Debug|Any CPU.Build.0 = Debug|Any CPU
		{D6F276A8-BEE4-4281-B661-84185F0954C4}.Debug|x64.ActiveCfg = Debug|x64
		{D6F276A8-BEE4-4281-B661-84185F0954C4}.Debug|x64.Build.0 = Debug|x64
		{D6F276A8-BEE4-4281-B661-84185F0954C4}.Debug|x86.ActiveCfg = Debug|x86
		{D6F276A8-BEE4-4281-B661-84185F0954C4}.Debug|x86.Build.0 = Debug|x86
		{D6F276A8-BEE4-4281-B661-84185F0954C4}.Release|Any CPU.ActiveCfg = Release|Any CPU
		{D6F276A8-BEE4-4281-B661-84185F0954C4}.Release|Any CPU.Build.0 = Release|Any CPU
		{D6F276A8-BEE4-4281-B661-84185F0954C4}.Release|x64.ActiveCfg = Release|x64
		{D6F276A8-BEE4-4281-B661-84185F0954C4}.Release|x64.Build.0 = Release|x64
		{D6F276A8-BEE4-4281-B661-84185F0954C4}.Release|x86.ActiveCfg = Release|x86
		{D6F276A8-BEE4-4281-B661-84185F0954C4}.Release|x86.Build.0 = Release|x86
	EndGlobalSection
EndGlobal
